
Microsoft Visual Studio Solution File, Format Version 12.00
# Visual Studio Version 17
VisualStudioVersion = 17.14.36401.2 d17.14
MinimumVisualStudioVersion = 10.0.40219.1
Project("{FAE04EC0-301F-11D3-BF4B-00C04F79EFBC}") = "ConsoleApp", "ConsoleApp\ConsoleApp.csproj", "{B26248ED-D01E-4DC1-993D-51F54AD6FF28}"
EndProject
Project("{FAE04EC0-301F-11D3-BF4B-00C04F79EFBC}") = "TrueColor", "TrueColor\TrueColor.csproj", "{BBB35FBD-CCB6-4A0F-BBD9-0FB2195E8124}"
EndProject
Project("{FAE04EC0-301F-11D3-BF4B-00C04F79EFBC}") = "SemanticDocuments", "SemanticDocuments\SemanticDocuments.csproj", "{D6D78D5E-943E-4771-9B97-4BC114B71826}"
EndProject
Global
	GlobalSection(SolutionConfigurationPlatforms) = preSolution
		Debug|Any CPU = Debug|Any CPU
		Release|Any CPU = Release|Any CPU
	EndGlobalSection
	GlobalSection(ProjectConfigurationPlatforms) = postSolution
		{B26248ED-D01E-4DC1-993D-51F54AD6FF28}.Debug|Any CPU.ActiveCfg = Debug|Any CPU
		{B26248ED-D01E-4DC1-993D-51F54AD6FF28}.Debug|Any CPU.Build.0 = Debug|Any CPU
		{B26248ED-D01E-4DC1-993D-51F54AD6FF28}.Release|Any CPU.ActiveCfg = Release|Any CPU
		{B26248ED-D01E-4DC1-993D-51F54AD6FF28}.Release|Any CPU.Build.0 = Release|Any CPU
		{BBB35FBD-CCB6-4A0F-BBD9-0FB2195E8124}.Debug|Any CPU.ActiveCfg = Debug|Any CPU
		{BBB35FBD-CCB6-4A0F-BBD9-0FB2195E8124}.Debug|Any CPU.Build.0 = Debug|Any CPU
		{BBB35FBD-CCB6-4A0F-BBD9-0FB2195E8124}.Release|Any CPU.ActiveCfg = Release|Any CPU
		{BBB35FBD-CCB6-4A0F-BBD9-0FB2195E8124}.Release|Any CPU.Build.0 = Release|Any CPU
		{D6D78D5E-943E-4771-9B97-4BC114B71826}.Debug|Any CPU.ActiveCfg = Debug|Any CPU
		{D6D78D5E-943E-4771-9B97-4BC114B71826}.Debug|Any CPU.Build.0 = Debug|Any CPU
		{D6D78D5E-943E-4771-9B97-4BC114B71826}.Release|Any CPU.ActiveCfg = Release|Any CPU
		{D6D78D5E-943E-4771-9B97-4BC114B71826}.Release|Any CPU.Build.0 = Release|Any CPU
	EndGlobalSection
	GlobalSection(SolutionProperties) = preSolution
		HideSolutionNode = FALSE
	EndGlobalSection
	GlobalSection(ExtensibilityGlobals) = postSolution
		SolutionGuid = {9516A71A-7304-40C3-A06B-6353E9553991}
	EndGlobalSection
EndGlobal
